
Microsoft Visual Studio Solution File, Format Version 12.00
# Visual Studio Version 17
VisualStudioVersion = 17.4.33213.308
MinimumVisualStudioVersion = 10.0.40219.1
Project("{FAE04EC0-301F-11D3-BF4B-00C04F79EFBC}") = "LoggerLibrary", "LoggerLibrary\LoggerLibrary.csproj", "{4D747CBA-F283-4103-AEC9-2F1D01E67B78}"
EndProject
Project("{FAE04EC0-301F-11D3-BF4B-00C04F79EFBC}") = "Demo.ConsoleLogger", "Demo.ConsoleLogger\Demo.ConsoleLogger.csproj", "{068DB3E5-DB43-4597-8BF3-44E455021D88}"
EndProject
Project("{FAE04EC0-301F-11D3-BF4B-00C04F79EFBC}") = "Demo.FileLogger", "Demo.FileLogger\Demo.FileLogger.csproj", "{88908F38-4ED7-4889-AFAF-78A2BB541C25}"
EndProject
Project("{FAE04EC0-301F-11D3-BF4B-00C04F79EFBC}") = "Demo.StreamLogger", "Demo.StreamLogger\Demo.StreamLogger.csproj", "{0B845EF4-E4C0-4768-B0B4-48186615DCE1}"
EndProject
Project("{2150E333-8FDC-42A3-9474-1A3956D46DE8}") = "Solution Items", "Solution Items", "{79CA7188-F714-40EE-A623-B6E82FC0864C}"
	ProjectSection(SolutionItems) = preProject
		.editorconfig = .editorconfig
	EndProjectSection
EndProject
Global
	GlobalSection(SolutionConfigurationPlatforms) = preSolution
		Debug|Any CPU = Debug|Any CPU
		Release|Any CPU = Release|Any CPU
	EndGlobalSection
	GlobalSection(ProjectConfigurationPlatforms) = postSolution
		{4D747CBA-F283-4103-AEC9-2F1D01E67B78}.Debug|Any CPU.ActiveCfg = Debug|Any CPU
		{4D747CBA-F283-4103-AEC9-2F1D01E67B78}.Debug|Any CPU.Build.0 = Debug|Any CPU
		{4D747CBA-F283-4103-AEC9-2F1D01E67B78}.Release|Any CPU.ActiveCfg = Release|Any CPU
		{4D747CBA-F283-4103-AEC9-2F1D01E67B78}.Release|Any CPU.Build.0 = Release|Any CPU
		{068DB3E5-DB43-4597-8BF3-44E455021D88}.Debug|Any CPU.ActiveCfg = Debug|Any CPU
		{068DB3E5-DB43-4597-8BF3-44E455021D88}.Debug|Any CPU.Build.0 = Debug|Any CPU
		{068DB3E5-DB43-4597-8BF3-44E455021D88}.Release|Any CPU.ActiveCfg = Release|Any CPU
		{068DB3E5-DB43-4597-8BF3-44E455021D88}.Release|Any CPU.Build.0 = Release|Any CPU
		{88908F38-4ED7-4889-AFAF-78A2BB541C25}.Debug|Any CPU.ActiveCfg = Debug|Any CPU
		{88908F38-4ED7-4889-AFAF-78A2BB541C25}.Debug|Any CPU.Build.0 = Debug|Any CPU
		{88908F38-4ED7-4889-AFAF-78A2BB541C25}.Release|Any CPU.ActiveCfg = Release|Any CPU
		{88908F38-4ED7-4889-AFAF-78A2BB541C25}.Release|Any CPU.Build.0 = Release|Any CPU
		{0B845EF4-E4C0-4768-B0B4-48186615DCE1}.Debug|Any CPU.ActiveCfg = Debug|Any CPU
		{0B845EF4-E4C0-4768-B0B4-48186615DCE1}.Debug|Any CPU.Build.0 = Debug|Any CPU
		{0B845EF4-E4C0-4768-B0B4-48186615DCE1}.Release|Any CPU.ActiveCfg = Release|Any CPU
		{0B845EF4-E4C0-4768-B0B4-48186615DCE1}.Release|Any CPU.Build.0 = Release|Any CPU
	EndGlobalSection
	GlobalSection(SolutionProperties) = preSolution
		HideSolutionNode = FALSE
	EndGlobalSection
	GlobalSection(ExtensibilityGlobals) = postSolution
		SolutionGuid = {0FB1AB7B-6438-40F6-87D8-4E31A3F8E5E5}
	EndGlobalSection
EndGlobal
